
Microsoft Visual Studio Solution File, Format Version 12.00
# Visual Studio Version 16
VisualStudioVersion = 16.0.32929.386
MinimumVisualStudioVersion = 10.0.40219.1
Project("{FAE04EC0-301F-11D3-BF4B-00C04F79EFBC}") = "Chess", "Chess\Chess.csproj", "{EABE2020-7D7D-4377-BB78-9D38BF074295}"
EndProject
Project("{FAE04EC0-301F-11D3-BF4B-00C04F79EFBC}") = "ChessTest", "ChessTest\ChessTest.csproj", "{9CBDED80-B210-4CC2-B8F4-7F5ED417CD97}"
EndProject
Global
	GlobalSection(SolutionConfigurationPlatforms) = preSolution
		Debug|Any CPU = Debug|Any CPU
		Release|Any CPU = Release|Any CPU
	EndGlobalSection
	GlobalSection(ProjectConfigurationPlatforms) = postSolution
		{EABE2020-7D7D-4377-BB78-9D38BF074295}.Debug|Any CPU.ActiveCfg = Debug|Any CPU
		{EABE2020-7D7D-4377-BB78-9D38BF074295}.Debug|Any CPU.Build.0 = Debug|Any CPU
		{EABE2020-7D7D-4377-BB78-9D38BF074295}.Release|Any CPU.ActiveCfg = Release|Any CPU
		{EABE2020-7D7D-4377-BB78-9D38BF074295}.Release|Any CPU.Build.0 = Release|Any CPU
		{9CBDED80-B210-4CC2-B8F4-7F5ED417CD97}.Debug|Any CPU.ActiveCfg = Debug|Any CPU
		{9CBDED80-B210-4CC2-B8F4-7F5ED417CD97}.Debug|Any CPU.Build.0 = Debug|Any CPU
		{9CBDED80-B210-4CC2-B8F4-7F5ED417CD97}.Release|Any CPU.ActiveCfg = Release|Any CPU
		{9CBDED80-B210-4CC2-B8F4-7F5ED417CD97}.Release|Any CPU.Build.0 = Release|Any CPU
	EndGlobalSection
	GlobalSection(SolutionProperties) = preSolution
		HideSolutionNode = FALSE
	EndGlobalSection
	GlobalSection(ExtensibilityGlobals) = postSolution
		SolutionGuid = {63BCA83E-CD30-450C-BFF5-ED694C451DDF}
	EndGlobalSection
EndGlobal
